// !$*UTF8*$!
{
	archiveVersion = 1;
	classes = {
	};
	objectVersion = 56;
	objects = {

/* Begin PBXBuildFile section */
		84805EC52C27C76E00B9C2A6 /* DemoGithubProjectApp.swift in Sources */ = {isa = PBXBuildFile; fileRef = 84805EC42C27C76E00B9C2A6 /* DemoGithubProjectApp.swift */; };
		84805EC72C27C76E00B9C2A6 /* ContentView.swift in Sources */ = {isa = PBXBuildFile; fileRef = 84805EC62C27C76E00B9C2A6 /* ContentView.swift */; };
		84805EC92C27C77000B9C2A6 /* Assets.xcassets in Resources */ = {isa = PBXBuildFile; fileRef = 84805EC82C27C77000B9C2A6 /* Assets.xcassets */; };
		84805ECC2C27C77000B9C2A6 /* Preview Assets.xcassets in Resources */ = {isa = PBXBuildFile; fileRef = 84805ECB2C27C77000B9C2A6 /* Preview Assets.xcassets */; };
		84805ED62C27C77000B9C2A6 /* DemoGithubProjectTests.swift in Sources */ = {isa = PBXBuildFile; fileRef = 84805ED52C27C77000B9C2A6 /* DemoGithubProjectTests.swift */; };
		84805EE02C27C77000B9C2A6 /* DemoGithubProjectUITests.swift in Sources */ = {isa = PBXBuildFile; fileRef = 84805EDF2C27C77000B9C2A6 /* DemoGithubProjectUITests.swift */; };
		84805EE22C27C77000B9C2A6 /* DemoGithubProjectUITestsLaunchTests.swift in Sources */ = {isa = PBXBuildFile; fileRef = 84805EE12C27C77000B9C2A6 /* DemoGithubProjectUITestsLaunchTests.swift */; };
/* End PBXBuildFile section */

/* Begin PBXContainerItemProxy section */
		84805ED22C27C77000B9C2A6 /* PBXContainerItemProxy */ = {
			isa = PBXContainerItemProxy;
			containerPortal = 84805EB92C27C76E00B9C2A6 /* Project object */;
			proxyType = 1;
			remoteGlobalIDString = 84805EC02C27C76E00B9C2A6;
			remoteInfo = DemoGithubProject;
		};
		84805EDC2C27C77000B9C2A6 /* PBXContainerItemProxy */ = {
			isa = PBXContainerItemProxy;
			containerPortal = 84805EB92C27C76E00B9C2A6 /* Project object */;
			proxyType = 1;
			remoteGlobalIDString = 84805EC02C27C76E00B9C2A6;
			remoteInfo = DemoGithubProject;
		};
/* End PBXContainerItemProxy section */

/* Begin PBXFileReference section */
		84805EC12C27C76E00B9C2A6 /* DemoGithubProject.app */ = {isa = PBXFileReference; explicitFileType = wrapper.application; includeInIndex = 0; path = DemoGithubProject.app; sourceTree = BUILT_PRODUCTS_DIR; };
		84805EC42C27C76E00B9C2A6 /* DemoGithubProjectApp.swift */ = {isa = PBXFileReference; lastKnownFileType = sourcecode.swift; path = DemoGithubProjectApp.swift; sourceTree = "<group>"; };
		84805EC62C27C76E00B9C2A6 /* ContentView.swift */ = {isa = PBXFileReference; lastKnownFileType = sourcecode.swift; path = ContentView.swift; sourceTree = "<group>"; };
		84805EC82C27C77000B9C2A6 /* Assets.xcassets */ = {isa = PBXFileReference; lastKnownFileType = folder.assetcatalog; path = Assets.xcassets; sourceTree = "<group>"; };
		84805ECB2C27C77000B9C2A6 /* Preview Assets.xcassets */ = {isa = PBXFileReference; lastKnownFileType = folder.assetcatalog; path = "Preview Assets.xcassets"; sourceTree = "<group>"; };
		84805ED12C27C77000B9C2A6 /* DemoGithubProjectTests.xctest */ = {isa = PBXFileReference; explicitFileType = wrapper.cfbundle; includeInIndex = 0; path = DemoGithubProjectTests.xctest; sourceTree = BUILT_PRODUCTS_DIR; };
		84805ED52C27C77000B9C2A6 /* DemoGithubProjectTests.swift */ = {isa = PBXFileReference; lastKnownFileType = sourcecode.swift; path = DemoGithubProjectTests.swift; sourceTree = "<group>"; };
		84805EDB2C27C77000B9C2A6 /* DemoGithubProjectUITests.xctest */ = {isa = PBXFileReference; explicitFileType = wrapper.cfbundle; includeInIndex = 0; path = DemoGithubProjectUITests.xctest; sourceTree = BUILT_PRODUCTS_DIR; };
		84805EDF2C27C77000B9C2A6 /* DemoGithubProjectUITests.swift */ = {isa = PBXFileReference; lastKnownFileType = sourcecode.swift; path = DemoGithubProjectUITests.swift; sourceTree = "<group>"; };
		84805EE12C27C77000B9C2A6 /* DemoGithubProjectUITestsLaunchTests.swift */ = {isa = PBXFileReference; lastKnownFileType = sourcecode.swift; path = DemoGithubProjectUITestsLaunchTests.swift; sourceTree = "<group>"; };
/* End PBXFileReference section */

/* Begin PBXFrameworksBuildPhase section */
		84805EBE2C27C76E00B9C2A6 /* Frameworks */ = {
			isa = PBXFrameworksBuildPhase;
			buildActionMask = 2147483647;
			files = (
			);
			runOnlyForDeploymentPostprocessing = 0;
		};
		84805ECE2C27C77000B9C2A6 /* Frameworks */ = {
			isa = PBXFrameworksBuildPhase;
			buildActionMask = 2147483647;
			files = (
			);
			runOnlyForDeploymentPostprocessing = 0;
		};
		84805ED82C27C77000B9C2A6 /* Frameworks */ = {
			isa = PBXFrameworksBuildPhase;
			buildActionMask = 2147483647;
			files = (
			);
			runOnlyForDeploymentPostprocessing = 0;
		};
/* End PBXFrameworksBuildPhase section */

/* Begin PBXGroup section */
		84805EB82C27C76E00B9C2A6 = {
			isa = PBXGroup;
			children = (
				84805EC32C27C76E00B9C2A6 /* DemoGithubProject */,
				84805ED42C27C77000B9C2A6 /* DemoGithubProjectTests */,
				84805EDE2C27C77000B9C2A6 /* DemoGithubProjectUITests */,
				84805EC22C27C76E00B9C2A6 /* Products */,
			);
			sourceTree = "<group>";
		};
		84805EC22C27C76E00B9C2A6 /* Products */ = {
			isa = PBXGroup;
			children = (
				84805EC12C27C76E00B9C2A6 /* DemoGithubProject.app */,
				84805ED12C27C77000B9C2A6 /* DemoGithubProjectTests.xctest */,
				84805EDB2C27C77000B9C2A6 /* DemoGithubProjectUITests.xctest */,
			);
			name = Products;
			sourceTree = "<group>";
		};
		84805EC32C27C76E00B9C2A6 /* DemoGithubProject */ = {
			isa = PBXGroup;
			children = (
				84805EC42C27C76E00B9C2A6 /* DemoGithubProjectApp.swift */,
				84805EC62C27C76E00B9C2A6 /* ContentView.swift */,
				84805EC82C27C77000B9C2A6 /* Assets.xcassets */,
				84805ECA2C27C77000B9C2A6 /* Preview Content */,
			);
			path = DemoGithubProject;
			sourceTree = "<group>";
		};
		84805ECA2C27C77000B9C2A6 /* Preview Content */ = {
			isa = PBXGroup;
			children = (
				84805ECB2C27C77000B9C2A6 /* Preview Assets.xcassets */,
			);
			path = "Preview Content";
			sourceTree = "<group>";
		};
		84805ED42C27C77000B9C2A6 /* DemoGithubProjectTests */ = {
			isa = PBXGroup;
			children = (
				84805ED52C27C77000B9C2A6 /* DemoGithubProjectTests.swift */,
			);
			path = DemoGithubProjectTests;
			sourceTree = "<group>";
		};
		84805EDE2C27C77000B9C2A6 /* DemoGithubProjectUITests */ = {
			isa = PBXGroup;
			children = (
				84805EDF2C27C77000B9C2A6 /* DemoGithubProjectUITests.swift */,
				84805EE12C27C77000B9C2A6 /* DemoGithubProjectUITestsLaunchTests.swift */,
			);
			path = DemoGithubProjectUITests;
			sourceTree = "<group>";
		};
/* End PBXGroup section */

/* Begin PBXNativeTarget section */
		84805EC02C27C76E00B9C2A6 /* DemoGithubProject */ = {
			isa = PBXNativeTarget;
			buildConfigurationList = 84805EE52C27C77000B9C2A6 /* Build configuration list for PBXNativeTarget "DemoGithubProject" */;
			buildPhases = (
				84805EBD2C27C76E00B9C2A6 /* Sources */,
				84805EBE2C27C76E00B9C2A6 /* Frameworks */,
				84805EBF2C27C76E00B9C2A6 /* Resources */,
			);
			buildRules = (
			);
			dependencies = (
			);
			name = DemoGithubProject;
			productName = DemoGithubProject;
			productReference = 84805EC12C27C76E00B9C2A6 /* DemoGithubProject.app */;
			productType = "com.apple.product-type.application";
		};
		84805ED02C27C77000B9C2A6 /* DemoGithubProjectTests */ = {
			isa = PBXNativeTarget;
			buildConfigurationList = 84805EE82C27C77000B9C2A6 /* Build configuration list for PBXNativeTarget "DemoGithubProjectTests" */;
			buildPhases = (
				84805ECD2C27C77000B9C2A6 /* Sources */,
				84805ECE2C27C77000B9C2A6 /* Frameworks */,
				84805ECF2C27C77000B9C2A6 /* Resources */,
			);
			buildRules = (
			);
			dependencies = (
				84805ED32C27C77000B9C2A6 /* PBXTargetDependency */,
			);
			name = DemoGithubProjectTests;
			productName = DemoGithubProjectTests;
			productReference = 84805ED12C27C77000B9C2A6 /* DemoGithubProjectTests.xctest */;
			productType = "com.apple.product-type.bundle.unit-test";
		};
		84805EDA2C27C77000B9C2A6 /* DemoGithubProjectUITests */ = {
			isa = PBXNativeTarget;
			buildConfigurationList = 84805EEB2C27C77000B9C2A6 /* Build configuration list for PBXNativeTarget "DemoGithubProjectUITests" */;
			buildPhases = (
				84805ED72C27C77000B9C2A6 /* Sources */,
				84805ED82C27C77000B9C2A6 /* Frameworks */,
				84805ED92C27C77000B9C2A6 /* Resources */,
			);
			buildRules = (
			);
			dependencies = (
				84805EDD2C27C77000B9C2A6 /* PBXTargetDependency */,
			);
			name = DemoGithubProjectUITests;
			productName = DemoGithubProjectUITests;
			productReference = 84805EDB2C27C77000B9C2A6 /* DemoGithubProjectUITests.xctest */;
			productType = "com.apple.product-type.bundle.ui-testing";
		};
/* End PBXNativeTarget section */

/* Begin PBXProject section */
		84805EB92C27C76E00B9C2A6 /* Project object */ = {
			isa = PBXProject;
			attributes = {
				BuildIndependentTargetsInParallel = 1;
				LastSwiftUpdateCheck = 1540;
				LastUpgradeCheck = 1540;
				TargetAttributes = {
					84805EC02C27C76E00B9C2A6 = {
						CreatedOnToolsVersion = 15.4;
					};
					84805ED02C27C77000B9C2A6 = {
						CreatedOnToolsVersion = 15.4;
						TestTargetID = 84805EC02C27C76E00B9C2A6;
					};
					84805EDA2C27C77000B9C2A6 = {
						CreatedOnToolsVersion = 15.4;
						TestTargetID = 84805EC02C27C76E00B9C2A6;
					};
				};
			};
			buildConfigurationList = 84805EBC2C27C76E00B9C2A6 /* Build configuration list for PBXProject "DemoGithubProject" */;
			compatibilityVersion = "Xcode 14.0";
			developmentRegion = en;
			hasScannedForEncodings = 0;
			knownRegions = (
				en,
				Base,
			);
			mainGroup = 84805EB82C27C76E00B9C2A6;
			productRefGroup = 84805EC22C27C76E00B9C2A6 /* Products */;
			projectDirPath = "";
			projectRoot = "";
			targets = (
				84805EC02C27C76E00B9C2A6 /* DemoGithubProject */,
				84805ED02C27C77000B9C2A6 /* DemoGithubProjectTests */,
				84805EDA2C27C77000B9C2A6 /* DemoGithubProjectUITests */,
			);
		};
/* End PBXProject section */

/* Begin PBXResourcesBuildPhase section */
		84805EBF2C27C76E00B9C2A6 /* Resources */ = {
			isa = PBXResourcesBuildPhase;
			buildActionMask = 2147483647;
			files = (
				84805ECC2C27C77000B9C2A6 /* Preview Assets.xcassets in Resources */,
				84805EC92C27C77000B9C2A6 /* Assets.xcassets in Resources */,
			);
			runOnlyForDeploymentPostprocessing = 0;
		};
		84805ECF2C27C77000B9C2A6 /* Resources */ = {
			isa = PBXResourcesBuildPhase;
			buildActionMask = 2147483647;
			files = (
			);
			runOnlyForDeploymentPostprocessing = 0;
		};
		84805ED92C27C77000B9C2A6 /* Resources */ = {
			isa = PBXResourcesBuildPhase;
			buildActionMask = 2147483647;
			files = (
			);
			runOnlyForDeploymentPostprocessing = 0;
		};
/* End PBXResourcesBuildPhase section */

/* Begin PBXSourcesBuildPhase section */
		84805EBD2C27C76E00B9C2A6 /* Sources */ = {
			isa = PBXSourcesBuildPhase;
			buildActionMask = 2147483647;
			files = (
				84805EC72C27C76E00B9C2A6 /* ContentView.swift in Sources */,
				84805EC52C27C76E00B9C2A6 /* DemoGithubProjectApp.swift in Sources */,
			);
			runOnlyForDeploymentPostprocessing = 0;
		};
		84805ECD2C27C77000B9C2A6 /* Sources */ = {
			isa = PBXSourcesBuildPhase;
			buildActionMask = 2147483647;
			files = (
				84805ED62C27C77000B9C2A6 /* DemoGithubProjectTests.swift in Sources */,
			);
			runOnlyForDeploymentPostprocessing = 0;
		};
		84805ED72C27C77000B9C2A6 /* Sources */ = {
			isa = PBXSourcesBuildPhase;
			buildActionMask = 2147483647;
			files = (
				84805EE22C27C77000B9C2A6 /* DemoGithubProjectUITestsLaunchTests.swift in Sources */,
				84805EE02C27C77000B9C2A6 /* DemoGithubProjectUITests.swift in Sources */,
			);
			runOnlyForDeploymentPostprocessing = 0;
		};
/* End PBXSourcesBuildPhase section */

/* Begin PBXTargetDependency section */
		84805ED32C27C77000B9C2A6 /* PBXTargetDependency */ = {
			isa = PBXTargetDependency;
			target = 84805EC02C27C76E00B9C2A6 /* DemoGithubProject */;
			targetProxy = 84805ED22C27C77000B9C2A6 /* PBXContainerItemProxy */;
		};
		84805EDD2C27C77000B9C2A6 /* PBXTargetDependency */ = {
			isa = PBXTargetDependency;
			target = 84805EC02C27C76E00B9C2A6 /* DemoGithubProject */;
			targetProxy = 84805EDC2C27C77000B9C2A6 /* PBXContainerItemProxy */;
		};
/* End PBXTargetDependency section */

/* Begin XCBuildConfiguration section */
		84805EE32C27C77000B9C2A6 /* Debug */ = {
			isa = XCBuildConfiguration;
			buildSettings = {
				ALWAYS_SEARCH_USER_PATHS = NO;
				ASSETCATALOG_COMPILER_GENERATE_SWIFT_ASSET_SYMBOL_EXTENSIONS = YES;
				CLANG_ANALYZER_NONNULL = YES;
				CLANG_ANALYZER_NUMBER_OBJECT_CONVERSION = YES_AGGRESSIVE;
				CLANG_CXX_LANGUAGE_STANDARD = "gnu++20";
				CLANG_ENABLE_MODULES = YES;
				CLANG_ENABLE_OBJC_ARC = YES;
				CLANG_ENABLE_OBJC_WEAK = YES;
				CLANG_WARN_BLOCK_CAPTURE_AUTORELEASING = YES;
				CLANG_WARN_BOOL_CONVERSION = YES;
				CLANG_WARN_COMMA = YES;
				CLANG_WARN_CONSTANT_CONVERSION = YES;
				CLANG_WARN_DEPRECATED_OBJC_IMPLEMENTATIONS = YES;
				CLANG_WARN_DIRECT_OBJC_ISA_USAGE = YES_ERROR;
				CLANG_WARN_DOCUMENTATION_COMMENTS = YES;
				CLANG_WARN_EMPTY_BODY = YES;
				CLANG_WARN_ENUM_CONVERSION = YES;
				CLANG_WARN_INFINITE_RECURSION = YES;
				CLANG_WARN_INT_CONVERSION = YES;
				CLANG_WARN_NON_LITERAL_NULL_CONVERSION = YES;
				CLANG_WARN_OBJC_IMPLICIT_RETAIN_SELF = YES;
				CLANG_WARN_OBJC_LITERAL_CONVERSION = YES;
				CLANG_WARN_OBJC_ROOT_CLASS = YES_ERROR;
				CLANG_WARN_QUOTED_INCLUDE_IN_FRAMEWORK_HEADER = YES;
				CLANG_WARN_RANGE_LOOP_ANALYSIS = YES;
				CLANG_WARN_STRICT_PROTOTYPES = YES;
				CLANG_WARN_SUSPICIOUS_MOVE = YES;
				CLANG_WARN_UNGUARDED_AVAILABILITY = YES_AGGRESSIVE;
				CLANG_WARN_UNREACHABLE_CODE = YES;
				CLANG_WARN__DUPLICATE_METHOD_MATCH = YES;
				COPY_PHASE_STRIP = NO;
				DEBUG_INFORMATION_FORMAT = dwarf;
				ENABLE_STRICT_OBJC_MSGSEND = YES;
				ENABLE_TESTABILITY = YES;
				ENABLE_USER_SCRIPT_SANDBOXING = YES;
				GCC_C_LANGUAGE_STANDARD = gnu17;
				GCC_DYNAMIC_NO_PIC = NO;
				GCC_NO_COMMON_BLOCKS = YES;
				GCC_OPTIMIZATION_LEVEL = 0;
				GCC_PREPROCESSOR_DEFINITIONS = (
					"DEBUG=1",
					"$(inherited)",
				);
				GCC_WARN_64_TO_32_BIT_CONVERSION = YES;
				GCC_WARN_ABOUT_RETURN_TYPE = YES_ERROR;
				GCC_WARN_UNDECLARED_SELECTOR = YES;
				GCC_WARN_UNINITIALIZED_AUTOS = YES_AGGRESSIVE;
				GCC_WARN_UNUSED_FUNCTION = YES;
				GCC_WARN_UNUSED_VARIABLE = YES;
				IPHONEOS_DEPLOYMENT_TARGET = 17.5;
				LOCALIZATION_PREFERS_STRING_CATALOGS = YES;
				MTL_ENABLE_DEBUG_INFO = INCLUDE_SOURCE;
				MTL_FAST_MATH = YES;
				ONLY_ACTIVE_ARCH = YES;
				SDKROOT = iphoneos;
				SWIFT_ACTIVE_COMPILATION_CONDITIONS = "DEBUG $(inherited)";
				SWIFT_OPTIMIZATION_LEVEL = "-Onone";
			};
			name = Debug;
		};
		84805EE42C27C77000B9C2A6 /* Release */ = {
			isa = XCBuildConfiguration;
			buildSettings = {
				ALWAYS_SEARCH_USER_PATHS = NO;
				ASSETCATALOG_COMPILER_GENERATE_SWIFT_ASSET_SYMBOL_EXTENSIONS = YES;
				CLANG_ANALYZER_NONNULL = YES;
				CLANG_ANALYZER_NUMBER_OBJECT_CONVERSION = YES_AGGRESSIVE;
				CLANG_CXX_LANGUAGE_STANDARD = "gnu++20";
				CLANG_ENABLE_MODULES = YES;
				CLANG_ENABLE_OBJC_ARC = YES;
				CLANG_ENABLE_OBJC_WEAK = YES;
				CLANG_WARN_BLOCK_CAPTURE_AUTORELEASING = YES;
				CLANG_WARN_BOOL_CONVERSION = YES;
				CLANG_WARN_COMMA = YES;
				CLANG_WARN_CONSTANT_CONVERSION = YES;
				CLANG_WARN_DEPRECATED_OBJC_IMPLEMENTATIONS = YES;
				CLANG_WARN_DIRECT_OBJC_ISA_USAGE = YES_ERROR;
				CLANG_WARN_DOCUMENTATION_COMMENTS = YES;
				CLANG_WARN_EMPTY_BODY = YES;
				CLANG_WARN_ENUM_CONVERSION = YES;
				CLANG_WARN_INFINITE_RECURSION = YES;
				CLANG_WARN_INT_CONVERSION = YES;
				CLANG_WARN_NON_LITERAL_NULL_CONVERSION = YES;
				CLANG_WARN_OBJC_IMPLICIT_RETAIN_SELF = YES;
				CLANG_WARN_OBJC_LITERAL_CONVERSION = YES;
				CLANG_WARN_OBJC_ROOT_CLASS = YES_ERROR;
				CLANG_WARN_QUOTED_INCLUDE_IN_FRAMEWORK_HEADER = YES;
				CLANG_WARN_RANGE_LOOP_ANALYSIS = YES;
				CLANG_WARN_STRICT_PROTOTYPES = YES;
				CLANG_WARN_SUSPICIOUS_MOVE = YES;
				CLANG_WARN_UNGUARDED_AVAILABILITY = YES_AGGRESSIVE;
				CLANG_WARN_UNREACHABLE_CODE = YES;
				CLANG_WARN__DUPLICATE_METHOD_MATCH = YES;
				COPY_PHASE_STRIP = NO;
				DEBUG_INFORMATION_FORMAT = "dwarf-with-dsym";
				ENABLE_NS_ASSERTIONS = NO;
				ENABLE_STRICT_OBJC_MSGSEND = YES;
				ENABLE_USER_SCRIPT_SANDBOXING = YES;
				GCC_C_LANGUAGE_STANDARD = gnu17;
				GCC_NO_COMMON_BLOCKS = YES;
				GCC_WARN_64_TO_32_BIT_CONVERSION = YES;
				GCC_WARN_ABOUT_RETURN_TYPE = YES_ERROR;
				GCC_WARN_UNDECLARED_SELECTOR = YES;
				GCC_WARN_UNINITIALIZED_AUTOS = YES_AGGRESSIVE;
				GCC_WARN_UNUSED_FUNCTION = YES;
				GCC_WARN_UNUSED_VARIABLE = YES;
				IPHONEOS_DEPLOYMENT_TARGET = 17.5;
				LOCALIZATION_PREFERS_STRING_CATALOGS = YES;
				MTL_ENABLE_DEBUG_INFO = NO;
				MTL_FAST_MATH = YES;
				SDKROOT = iphoneos;
				SWIFT_COMPILATION_MODE = wholemodule;
				VALIDATE_PRODUCT = YES;
			};
			name = Release;
		};
		84805EE62C27C77000B9C2A6 /* Debug */ = {
			isa = XCBuildConfiguration;
			buildSettings = {
				ASSETCATALOG_COMPILER_APPICON_NAME = AppIcon;
				ASSETCATALOG_COMPILER_GLOBAL_ACCENT_COLOR_NAME = AccentColor;
				CODE_SIGN_STYLE = Automatic;
				CURRENT_PROJECT_VERSION = 1;
				DEVELOPMENT_ASSET_PATHS = "\"DemoGithubProject/Preview Content\"";
				ENABLE_PREVIEWS = YES;
				GENERATE_INFOPLIST_FILE = YES;
				INFOPLIST_KEY_UIApplicationSceneManifest_Generation = YES;
				INFOPLIST_KEY_UIApplicationSupportsIndirectInputEvents = YES;
				INFOPLIST_KEY_UILaunchScreen_Generation = YES;
				INFOPLIST_KEY_UISupportedInterfaceOrientations_iPad = "UIInterfaceOrientationPortrait UIInterfaceOrientationPortraitUpsideDown UIInterfaceOrientationLandscapeLeft UIInterfaceOrientationLandscapeRight";
				INFOPLIST_KEY_UISupportedInterfaceOrientations_iPhone = "UIInterfaceOrientationPortrait UIInterfaceOrientationLandscapeLeft UIInterfaceOrientationLandscapeRight";
				LD_RUNPATH_SEARCH_PATHS = (
					"$(inherited)",
					"@executable_path/Frameworks",
				);
				MARKETING_VERSION = 1.0;
				PRODUCT_BUNDLE_IDENTIFIER = Gus.DemoGithubProject;
				PRODUCT_NAME = "$(TARGET_NAME)";
				SWIFT_EMIT_LOC_STRINGS = YES;
				SWIFT_VERSION = 5.0;
				TARGETED_DEVICE_FAMILY = "1,2";
			};
			name = Debug;
		};
		84805EE72C27C77000B9C2A6 /* Release */ = {
			isa = XCBuildConfiguration;
			buildSettings = {
				ASSETCATALOG_COMPILER_APPICON_NAME = AppIcon;
				ASSETCATALOG_COMPILER_GLOBAL_ACCENT_COLOR_NAME = AccentColor;
				CODE_SIGN_STYLE = Automatic;
				CURRENT_PROJECT_VERSION = 1;
				DEVELOPMENT_ASSET_PATHS = "\"DemoGithubProject/Preview Content\"";
				ENABLE_PREVIEWS = YES;
				GENERATE_INFOPLIST_FILE = YES;
				INFOPLIST_KEY_UIApplicationSceneManifest_Generation = YES;
				INFOPLIST_KEY_UIApplicationSupportsIndirectInputEvents = YES;
				INFOPLIST_KEY_UILaunchScreen_Generation = YES;
				INFOPLIST_KEY_UISupportedInterfaceOrientations_iPad = "UIInterfaceOrientationPortrait UIInterfaceOrientationPortraitUpsideDown UIInterfaceOrientationLandscapeLeft UIInterfaceOrientationLandscapeRight";
				INFOPLIST_KEY_UISupportedInterfaceOrientations_iPhone = "UIInterfaceOrientationPortrait UIInterfaceOrientationLandscapeLeft UIInterfaceOrientationLandscapeRight";
				LD_RUNPATH_SEARCH_PATHS = (
					"$(inherited)",
					"@executable_path/Frameworks",
				);
				MARKETING_VERSION = 1.0;
				PRODUCT_BUNDLE_IDENTIFIER = Gus.DemoGithubProject;
				PRODUCT_NAME = "$(TARGET_NAME)";
				SWIFT_EMIT_LOC_STRINGS = YES;
				SWIFT_VERSION = 5.0;
				TARGETED_DEVICE_FAMILY = "1,2";
			};
			name = Release;
		};
		84805EE92C27C77000B9C2A6 /* Debug */ = {
			isa = XCBuildConfiguration;
			buildSettings = {
				ALWAYS_EMBED_SWIFT_STANDARD_LIBRARIES = YES;
				BUNDLE_LOADER = "$(TEST_HOST)";
				CODE_SIGN_STYLE = Automatic;
				CURRENT_PROJECT_VERSION = 1;
				GENERATE_INFOPLIST_FILE = YES;
				IPHONEOS_DEPLOYMENT_TARGET = 17.5;
				MARKETING_VERSION = 1.0;
				PRODUCT_BUNDLE_IDENTIFIER = Gus.DemoGithubProjectTests;
				PRODUCT_NAME = "$(TARGET_NAME)";
				SWIFT_EMIT_LOC_STRINGS = NO;
				SWIFT_VERSION = 5.0;
				TARGETED_DEVICE_FAMILY = "1,2";
				TEST_HOST = "$(BUILT_PRODUCTS_DIR)/DemoGithubProject.app/$(BUNDLE_EXECUTABLE_FOLDER_PATH)/DemoGithubProject";
			};
			name = Debug;
		};
		84805EEA2C27C77000B9C2A6 /* Release */ = {
			isa = XCBuildConfiguration;
			buildSettings = {
				ALWAYS_EMBED_SWIFT_STANDARD_LIBRARIES = YES;
				BUNDLE_LOADER = "$(TEST_HOST)";
				CODE_SIGN_STYLE = Automatic;
				CURRENT_PROJECT_VERSION = 1;
				GENERATE_INFOPLIST_FILE = YES;
				IPHONEOS_DEPLOYMENT_TARGET = 17.5;
				MARKETING_VERSION = 1.0;
				PRODUCT_BUNDLE_IDENTIFIER = Gus.DemoGithubProjectTests;
				PRODUCT_NAME = "$(TARGET_NAME)";
				SWIFT_EMIT_LOC_STRINGS = NO;
				SWIFT_VERSION = 5.0;
				TARGETED_DEVICE_FAMILY = "1,2";
				TEST_HOST = "$(BUILT_PRODUCTS_DIR)/DemoGithubProject.app/$(BUNDLE_EXECUTABLE_FOLDER_PATH)/DemoGithubProject";
			};
			name = Release;
		};
		84805EEC2C27C77000B9C2A6 /* Debug */ = {
			isa = XCBuildConfiguration;
			buildSettings = {
				ALWAYS_EMBED_SWIFT_STANDARD_LIBRARIES = YES;
				CODE_SIGN_STYLE = Automatic;
				CURRENT_PROJECT_VERSION = 1;
				GENERATE_INFOPLIST_FILE = YES;
				MARKETING_VERSION = 1.0;
				PRODUCT_BUNDLE_IDENTIFIER = Gus.DemoGithubProjectUITests;
				PRODUCT_NAME = "$(TARGET_NAME)";
				SWIFT_EMIT_LOC_STRINGS = NO;
				SWIFT_VERSION = 5.0;
				TARGETED_DEVICE_FAMILY = "1,2";
				TEST_TARGET_NAME = DemoGithubProject;
			};
			name = Debug;
		};
		84805EED2C27C77000B9C2A6 /* Release */ = {
			isa = XCBuildConfiguration;
			buildSettings = {
				ALWAYS_EMBED_SWIFT_STANDARD_LIBRARIES = YES;
				CODE_SIGN_STYLE = Automatic;
				CURRENT_PROJECT_VERSION = 1;
				GENERATE_INFOPLIST_FILE = YES;
				MARKETING_VERSION = 1.0;
				PRODUCT_BUNDLE_IDENTIFIER = Gus.DemoGithubProjectUITests;
				PRODUCT_NAME = "$(TARGET_NAME)";
				SWIFT_EMIT_LOC_STRINGS = NO;
				SWIFT_VERSION = 5.0;
				TARGETED_DEVICE_FAMILY = "1,2";
				TEST_TARGET_NAME = DemoGithubProject;
			};
			name = Release;
		};
/* End XCBuildConfiguration section */

/* Begin XCConfigurationList section */
		84805EBC2C27C76E00B9C2A6 /* Build configuration list for PBXProject "DemoGithubProject" */ = {
			isa = XCConfigurationList;
			buildConfigurations = (
				84805EE32C27C77000B9C2A6 /* Debug */,
				84805EE42C27C77000B9C2A6 /* Release */,
			);
			defaultConfigurationIsVisible = 0;
			defaultConfigurationName = Release;
		};
		84805EE52C27C77000B9C2A6 /* Build configuration list for PBXNativeTarget "DemoGithubProject" */ = {
			isa = XCConfigurationList;
			buildConfigurations = (
				84805EE62C27C77000B9C2A6 /* Debug */,
				84805EE72C27C77000B9C2A6 /* Release */,
			);
			defaultConfigurationIsVisible = 0;
			defaultConfigurationName = Release;
		};
		84805EE82C27C77000B9C2A6 /* Build configuration list for PBXNativeTarget "DemoGithubProjectTests" */ = {
			isa = XCConfigurationList;
			buildConfigurations = (
				84805EE92C27C77000B9C2A6 /* Debug */,
				84805EEA2C27C77000B9C2A6 /* Release */,
			);
			defaultConfigurationIsVisible = 0;
			defaultConfigurationName = Release;
		};
		84805EEB2C27C77000B9C2A6 /* Build configuration list for PBXNativeTarget "DemoGithubProjectUITests" */ = {
			isa = XCConfigurationList;
			buildConfigurations = (
				84805EEC2C27C77000B9C2A6 /* Debug */,
				84805EED2C27C77000B9C2A6 /* Release */,
			);
			defaultConfigurationIsVisible = 0;
			defaultConfigurationName = Release;
		};
/* End XCConfigurationList section */
	};
	rootObject = 84805EB92C27C76E00B9C2A6 /* Project object */;
}
